// !$*UTF8*$!
{
	archiveVersion = 1;
	classes = {
	};
	objectVersion = 55;
	objects = {

/* Begin PBXBuildFile section */
		0F88A1EAC9EA554A842B3A55 /* Pods_TestDiary.framework in Frameworks */ = {isa = PBXBuildFile; fileRef = 7ED9AB7B127E2DAA694A1E2E /* Pods_TestDiary.framework */; };
		4780B13BC0948018AFDC2650 /* Pods_TestDiary_TestDiaryUITests.framework in Frameworks */ = {isa = PBXBuildFile; fileRef = AAE53C72C8991E4E39608869 /* Pods_TestDiary_TestDiaryUITests.framework */; };
		CE12981E27904A2E00E77F15 /* TaskModel.swift in Sources */ = {isa = PBXBuildFile; fileRef = CE12981D27904A2E00E77F15 /* TaskModel.swift */; };
		CE12982227906B1500E77F15 /* URLFactory.swift in Sources */ = {isa = PBXBuildFile; fileRef = CE12982127906B1500E77F15 /* URLFactory.swift */; };
		CE12982427906BB800E77F15 /* NetworkServiceProtocols.swift in Sources */ = {isa = PBXBuildFile; fileRef = CE12982327906BB800E77F15 /* NetworkServiceProtocols.swift */; };
		CE129826279071EF00E77F15 /* NetworkService.swift in Sources */ = {isa = PBXBuildFile; fileRef = CE129825279071EF00E77F15 /* NetworkService.swift */; };
		CE12982827908EC100E77F15 /* NetworkService+Tasks.swift in Sources */ = {isa = PBXBuildFile; fileRef = CE12982727908EC100E77F15 /* NetworkService+Tasks.swift */; };
		CE12982A27909D0E00E77F15 /* AppDependency.swift in Sources */ = {isa = PBXBuildFile; fileRef = CE12982927909D0E00E77F15 /* AppDependency.swift */; };
		CE12982C2792E66B00E77F15 /* RealmService.swift in Sources */ = {isa = PBXBuildFile; fileRef = CE12982B2792E66B00E77F15 /* RealmService.swift */; };
		CE12982E27931ED600E77F15 /* RealmService+Tasks.swift in Sources */ = {isa = PBXBuildFile; fileRef = CE12982D27931ED500E77F15 /* RealmService+Tasks.swift */; };
		CE12983027931F1F00E77F15 /* RealmSeviceProtocols.swift in Sources */ = {isa = PBXBuildFile; fileRef = CE12982F27931F1F00E77F15 /* RealmSeviceProtocols.swift */; };
		CE1298322794B9C700E77F15 /* Date+.swift in Sources */ = {isa = PBXBuildFile; fileRef = CE1298312794B9C600E77F15 /* Date+.swift */; };
		CE149F4B278C1E3900BF990F /* BaseRouter.swift in Sources */ = {isa = PBXBuildFile; fileRef = CE149F4A278C1E3900BF990F /* BaseRouter.swift */; };
		CE149F4D278C23AC00BF990F /* BlockBarButtonItem.swift in Sources */ = {isa = PBXBuildFile; fileRef = CE149F4C278C23AC00BF990F /* BlockBarButtonItem.swift */; };
		CE149F50278C80A300BF990F /* MockData.json in Resources */ = {isa = PBXBuildFile; fileRef = CE149F4F278C80A300BF990F /* MockData.json */; };
		CE149F53278C881700BF990F /* NewTaskView.swift in Sources */ = {isa = PBXBuildFile; fileRef = CE149F52278C881700BF990F /* NewTaskView.swift */; };
		CE6C95A527983C3000C05382 /* UITableView+.swift in Sources */ = {isa = PBXBuildFile; fileRef = CE6C95A427983C3000C05382 /* UITableView+.swift */; };
		CE6C95A927984ECB00C05382 /* TaskTableViewCell.swift in Sources */ = {isa = PBXBuildFile; fileRef = CE6C95A827984ECB00C05382 /* TaskTableViewCell.swift */; };
		CE6C95AC279888EB00C05382 /* TableViewViewModel.swift in Sources */ = {isa = PBXBuildFile; fileRef = CE6C95AB279888EB00C05382 /* TableViewViewModel.swift */; };
		CE6C95B4279ACE9800C05382 /* EditPresenter.swift in Sources */ = {isa = PBXBuildFile; fileRef = CE6C95AE279ACE9700C05382 /* EditPresenter.swift */; };
		CE6C95B5279ACE9800C05382 /* EditRouter.swift in Sources */ = {isa = PBXBuildFile; fileRef = CE6C95AF279ACE9700C05382 /* EditRouter.swift */; };
		CE6C95B6279ACE9800C05382 /* EditViewController.swift in Sources */ = {isa = PBXBuildFile; fileRef = CE6C95B0279ACE9700C05382 /* EditViewController.swift */; };
		CE6C95B7279ACE9800C05382 /* EditProtocols.swift in Sources */ = {isa = PBXBuildFile; fileRef = CE6C95B1279ACE9700C05382 /* EditProtocols.swift */; };
		CE6C95B8279ACE9800C05382 /* EditInteractor.swift in Sources */ = {isa = PBXBuildFile; fileRef = CE6C95B2279ACE9700C05382 /* EditInteractor.swift */; };
		CE6C95B9279ACE9800C05382 /* EditContainer.swift in Sources */ = {isa = PBXBuildFile; fileRef = CE6C95B3279ACE9700C05382 /* EditContainer.swift */; };
		CE6C95BD279C41B100C05382 /* BaseTaskEditVC.swift in Sources */ = {isa = PBXBuildFile; fileRef = CE6C95BC279C41B100C05382 /* BaseTaskEditVC.swift */; };
		CEA0463F2784B1C000A3068F /* MainPresenter.swift in Sources */ = {isa = PBXBuildFile; fileRef = CEA046392784B1C000A3068F /* MainPresenter.swift */; };
		CEA046402784B1C000A3068F /* MainRouter.swift in Sources */ = {isa = PBXBuildFile; fileRef = CEA0463A2784B1C000A3068F /* MainRouter.swift */; };
		CEA046412784B1C000A3068F /* MainViewController.swift in Sources */ = {isa = PBXBuildFile; fileRef = CEA0463B2784B1C000A3068F /* MainViewController.swift */; };
		CEA046422784B1C000A3068F /* MainProtocols.swift in Sources */ = {isa = PBXBuildFile; fileRef = CEA0463C2784B1C000A3068F /* MainProtocols.swift */; };
		CEA046432784B1C000A3068F /* MainInteractor.swift in Sources */ = {isa = PBXBuildFile; fileRef = CEA0463D2784B1C000A3068F /* MainInteractor.swift */; };
		CEA046442784B1C000A3068F /* MainContainer.swift in Sources */ = {isa = PBXBuildFile; fileRef = CEA0463E2784B1C000A3068F /* MainContainer.swift */; };
		CEA046482784DA2D00A3068F /* MainView.swift in Sources */ = {isa = PBXBuildFile; fileRef = CEA046472784DA2D00A3068F /* MainView.swift */; };
		CEA0464A278593DF00A3068F /* AppCoordinator.swift in Sources */ = {isa = PBXBuildFile; fileRef = CEA04649278593DF00A3068F /* AppCoordinator.swift */; };
		CEA046532785AC9800A3068F /* NewTaskPresenter.swift in Sources */ = {isa = PBXBuildFile; fileRef = CEA0464D2785AC9800A3068F /* NewTaskPresenter.swift */; };
		CEA046542785AC9800A3068F /* NewTaskRouter.swift in Sources */ = {isa = PBXBuildFile; fileRef = CEA0464E2785AC9800A3068F /* NewTaskRouter.swift */; };
		CEA046552785AC9800A3068F /* NewTaskViewController.swift in Sources */ = {isa = PBXBuildFile; fileRef = CEA0464F2785AC9800A3068F /* NewTaskViewController.swift */; };
		CEA046562785AC9800A3068F /* NewTaskProtocols.swift in Sources */ = {isa = PBXBuildFile; fileRef = CEA046502785AC9800A3068F /* NewTaskProtocols.swift */; };
		CEA046572785AC9800A3068F /* NewTaskInteractor.swift in Sources */ = {isa = PBXBuildFile; fileRef = CEA046512785AC9800A3068F /* NewTaskInteractor.swift */; };
		CEA046582785AC9800A3068F /* NewTaskContainer.swift in Sources */ = {isa = PBXBuildFile; fileRef = CEA046522785AC9800A3068F /* NewTaskContainer.swift */; };
		CEA0465B2785B02F00A3068F /* UIView+.swift in Sources */ = {isa = PBXBuildFile; fileRef = CEA0465A2785B02F00A3068F /* UIView+.swift */; };
		CEFA76CB2782120E0058F5C5 /* AppDelegate.swift in Sources */ = {isa = PBXBuildFile; fileRef = CEFA76CA2782120E0058F5C5 /* AppDelegate.swift */; };
		CEFA76CD2782120E0058F5C5 /* SceneDelegate.swift in Sources */ = {isa = PBXBuildFile; fileRef = CEFA76CC2782120E0058F5C5 /* SceneDelegate.swift */; };
		CEFA76D4278212110058F5C5 /* Assets.xcassets in Resources */ = {isa = PBXBuildFile; fileRef = CEFA76D3278212110058F5C5 /* Assets.xcassets */; };
		CEFA76D7278212110058F5C5 /* LaunchScreen.storyboard in Resources */ = {isa = PBXBuildFile; fileRef = CEFA76D5278212110058F5C5 /* LaunchScreen.storyboard */; };
		CEFA76E2278212110058F5C5 /* TestDiaryTests.swift in Sources */ = {isa = PBXBuildFile; fileRef = CEFA76E1278212110058F5C5 /* TestDiaryTests.swift */; };
		CEFA76EC278212110058F5C5 /* TestDiaryUITests.swift in Sources */ = {isa = PBXBuildFile; fileRef = CEFA76EB278212110058F5C5 /* TestDiaryUITests.swift */; };
		CEFA76EE278212110058F5C5 /* TestDiaryUITestsLaunchTests.swift in Sources */ = {isa = PBXBuildFile; fileRef = CEFA76ED278212110058F5C5 /* TestDiaryUITestsLaunchTests.swift */; };
		EF9701C19D293112D6306109 /* Pods_TestDiaryTests.framework in Frameworks */ = {isa = PBXBuildFile; fileRef = 1E5A64C8D5E8B3B624613E06 /* Pods_TestDiaryTests.framework */; };
/* End PBXBuildFile section */

/* Begin PBXContainerItemProxy section */
		CEFA76DE278212110058F5C5 /* PBXContainerItemProxy */ = {
			isa = PBXContainerItemProxy;
			containerPortal = CEFA76BF2782120E0058F5C5 /* Project object */;
			proxyType = 1;
			remoteGlobalIDString = CEFA76C62782120E0058F5C5;
			remoteInfo = TestDiary;
		};
		CEFA76E8278212110058F5C5 /* PBXContainerItemProxy */ = {
			isa = PBXContainerItemProxy;
			containerPortal = CEFA76BF2782120E0058F5C5 /* Project object */;
			proxyType = 1;
			remoteGlobalIDString = CEFA76C62782120E0058F5C5;
			remoteInfo = TestDiary;
		};
/* End PBXContainerItemProxy section */

/* Begin PBXFileReference section */
		1E5A64C8D5E8B3B624613E06 /* Pods_TestDiaryTests.framework */ = {isa = PBXFileReference; explicitFileType = wrapper.framework; includeInIndex = 0; path = Pods_TestDiaryTests.framework; sourceTree = BUILT_PRODUCTS_DIR; };
		24B9BE986F70773362D8ABF0 /* Pods-TestDiary-TestDiaryUITests.debug.xcconfig */ = {isa = PBXFileReference; includeInIndex = 1; lastKnownFileType = text.xcconfig; name = "Pods-TestDiary-TestDiaryUITests.debug.xcconfig"; path = "Target Support Files/Pods-TestDiary-TestDiaryUITests/Pods-TestDiary-TestDiaryUITests.debug.xcconfig"; sourceTree = "<group>"; };
		36FE64214C433D05DED69026 /* Pods-TestDiary.release.xcconfig */ = {isa = PBXFileReference; includeInIndex = 1; lastKnownFileType = text.xcconfig; name = "Pods-TestDiary.release.xcconfig"; path = "Target Support Files/Pods-TestDiary/Pods-TestDiary.release.xcconfig"; sourceTree = "<group>"; };
		4476FB147EB24690CEB527CE /* Pods-TestDiary.debug.xcconfig */ = {isa = PBXFileReference; includeInIndex = 1; lastKnownFileType = text.xcconfig; name = "Pods-TestDiary.debug.xcconfig"; path = "Target Support Files/Pods-TestDiary/Pods-TestDiary.debug.xcconfig"; sourceTree = "<group>"; };
		7ED9AB7B127E2DAA694A1E2E /* Pods_TestDiary.framework */ = {isa = PBXFileReference; explicitFileType = wrapper.framework; includeInIndex = 0; path = Pods_TestDiary.framework; sourceTree = BUILT_PRODUCTS_DIR; };
		8753D65069F3CBF805454324 /* Pods-TestDiary-TestDiaryUITests.release.xcconfig */ = {isa = PBXFileReference; includeInIndex = 1; lastKnownFileType = text.xcconfig; name = "Pods-TestDiary-TestDiaryUITests.release.xcconfig"; path = "Target Support Files/Pods-TestDiary-TestDiaryUITests/Pods-TestDiary-TestDiaryUITests.release.xcconfig"; sourceTree = "<group>"; };
		8B8A6565F11266CA2D537E12 /* Pods-TestDiaryTests.release.xcconfig */ = {isa = PBXFileReference; includeInIndex = 1; lastKnownFileType = text.xcconfig; name = "Pods-TestDiaryTests.release.xcconfig"; path = "Target Support Files/Pods-TestDiaryTests/Pods-TestDiaryTests.release.xcconfig"; sourceTree = "<group>"; };
		AAE53C72C8991E4E39608869 /* Pods_TestDiary_TestDiaryUITests.framework */ = {isa = PBXFileReference; explicitFileType = wrapper.framework; includeInIndex = 0; path = Pods_TestDiary_TestDiaryUITests.framework; sourceTree = BUILT_PRODUCTS_DIR; };
		CE12981D27904A2E00E77F15 /* TaskModel.swift */ = {isa = PBXFileReference; lastKnownFileType = sourcecode.swift; path = TaskModel.swift; sourceTree = "<group>"; };
		CE12982127906B1500E77F15 /* URLFactory.swift */ = {isa = PBXFileReference; lastKnownFileType = sourcecode.swift; path = URLFactory.swift; sourceTree = "<group>"; };
		CE12982327906BB800E77F15 /* NetworkServiceProtocols.swift */ = {isa = PBXFileReference; lastKnownFileType = sourcecode.swift; path = NetworkServiceProtocols.swift; sourceTree = "<group>"; };
		CE129825279071EF00E77F15 /* NetworkService.swift */ = {isa = PBXFileReference; lastKnownFileType = sourcecode.swift; path = NetworkService.swift; sourceTree = "<group>"; };
		CE12982727908EC100E77F15 /* NetworkService+Tasks.swift */ = {isa = PBXFileReference; lastKnownFileType = sourcecode.swift; path = "NetworkService+Tasks.swift"; sourceTree = "<group>"; };
		CE12982927909D0E00E77F15 /* AppDependency.swift */ = {isa = PBXFileReference; lastKnownFileType = sourcecode.swift; path = AppDependency.swift; sourceTree = "<group>"; };
		CE12982B2792E66B00E77F15 /* RealmService.swift */ = {isa = PBXFileReference; lastKnownFileType = sourcecode.swift; path = RealmService.swift; sourceTree = "<group>"; };
		CE12982D27931ED500E77F15 /* RealmService+Tasks.swift */ = {isa = PBXFileReference; lastKnownFileType = sourcecode.swift; path = "RealmService+Tasks.swift"; sourceTree = "<group>"; };
		CE12982F27931F1F00E77F15 /* RealmSeviceProtocols.swift */ = {isa = PBXFileReference; lastKnownFileType = sourcecode.swift; path = RealmSeviceProtocols.swift; sourceTree = "<group>"; };
		CE1298312794B9C600E77F15 /* Date+.swift */ = {isa = PBXFileReference; lastKnownFileType = sourcecode.swift; path = "Date+.swift"; sourceTree = "<group>"; };
		CE149F4A278C1E3900BF990F /* BaseRouter.swift */ = {isa = PBXFileReference; lastKnownFileType = sourcecode.swift; path = BaseRouter.swift; sourceTree = "<group>"; };
		CE149F4C278C23AC00BF990F /* BlockBarButtonItem.swift */ = {isa = PBXFileReference; lastKnownFileType = sourcecode.swift; path = BlockBarButtonItem.swift; sourceTree = "<group>"; };
		CE149F4F278C80A300BF990F /* MockData.json */ = {isa = PBXFileReference; lastKnownFileType = text.json; path = MockData.json; sourceTree = "<group>"; };
		CE149F52278C881700BF990F /* NewTaskView.swift */ = {isa = PBXFileReference; lastKnownFileType = sourcecode.swift; path = NewTaskView.swift; sourceTree = "<group>"; };
		CE6C95A427983C3000C05382 /* UITableView+.swift */ = {isa = PBXFileReference; lastKnownFileType = sourcecode.swift; path = "UITableView+.swift"; sourceTree = "<group>"; };
		CE6C95A827984ECB00C05382 /* TaskTableViewCell.swift */ = {isa = PBXFileReference; lastKnownFileType = sourcecode.swift; path = TaskTableViewCell.swift; sourceTree = "<group>"; };
		CE6C95AB279888EB00C05382 /* TableViewViewModel.swift */ = {isa = PBXFileReference; lastKnownFileType = sourcecode.swift; path = TableViewViewModel.swift; sourceTree = "<group>"; };
		CE6C95AE279ACE9700C05382 /* EditPresenter.swift */ = {isa = PBXFileReference; lastKnownFileType = sourcecode.swift; path = EditPresenter.swift; sourceTree = "<group>"; };
		CE6C95AF279ACE9700C05382 /* EditRouter.swift */ = {isa = PBXFileReference; lastKnownFileType = sourcecode.swift; path = EditRouter.swift; sourceTree = "<group>"; };
		CE6C95B0279ACE9700C05382 /* EditViewController.swift */ = {isa = PBXFileReference; lastKnownFileType = sourcecode.swift; path = EditViewController.swift; sourceTree = "<group>"; };
		CE6C95B1279ACE9700C05382 /* EditProtocols.swift */ = {isa = PBXFileReference; lastKnownFileType = sourcecode.swift; path = EditProtocols.swift; sourceTree = "<group>"; };
		CE6C95B2279ACE9700C05382 /* EditInteractor.swift */ = {isa = PBXFileReference; lastKnownFileType = sourcecode.swift; path = EditInteractor.swift; sourceTree = "<group>"; };
		CE6C95B3279ACE9700C05382 /* EditContainer.swift */ = {isa = PBXFileReference; lastKnownFileType = sourcecode.swift; path = EditContainer.swift; sourceTree = "<group>"; };
		CE6C95BC279C41B100C05382 /* BaseTaskEditVC.swift */ = {isa = PBXFileReference; lastKnownFileType = sourcecode.swift; path = BaseTaskEditVC.swift; sourceTree = "<group>"; };
		CEA046392784B1C000A3068F /* MainPresenter.swift */ = {isa = PBXFileReference; lastKnownFileType = sourcecode.swift; path = MainPresenter.swift; sourceTree = "<group>"; };
		CEA0463A2784B1C000A3068F /* MainRouter.swift */ = {isa = PBXFileReference; lastKnownFileType = sourcecode.swift; path = MainRouter.swift; sourceTree = "<group>"; };
		CEA0463B2784B1C000A3068F /* MainViewController.swift */ = {isa = PBXFileReference; lastKnownFileType = sourcecode.swift; path = MainViewController.swift; sourceTree = "<group>"; };
		CEA0463C2784B1C000A3068F /* MainProtocols.swift */ = {isa = PBXFileReference; lastKnownFileType = sourcecode.swift; path = MainProtocols.swift; sourceTree = "<group>"; };
		CEA0463D2784B1C000A3068F /* MainInteractor.swift */ = {isa = PBXFileReference; lastKnownFileType = sourcecode.swift; path = MainInteractor.swift; sourceTree = "<group>"; };
		CEA0463E2784B1C000A3068F /* MainContainer.swift */ = {isa = PBXFileReference; lastKnownFileType = sourcecode.swift; path = MainContainer.swift; sourceTree = "<group>"; };
		CEA046472784DA2D00A3068F /* MainView.swift */ = {isa = PBXFileReference; lastKnownFileType = sourcecode.swift; path = MainView.swift; sourceTree = "<group>"; };
		CEA04649278593DF00A3068F /* AppCoordinator.swift */ = {isa = PBXFileReference; lastKnownFileType = sourcecode.swift; path = AppCoordinator.swift; sourceTree = "<group>"; };
		CEA0464D2785AC9800A3068F /* NewTaskPresenter.swift */ = {isa = PBXFileReference; lastKnownFileType = sourcecode.swift; path = NewTaskPresenter.swift; sourceTree = "<group>"; };
		CEA0464E2785AC9800A3068F /* NewTaskRouter.swift */ = {isa = PBXFileReference; lastKnownFileType = sourcecode.swift; path = NewTaskRouter.swift; sourceTree = "<group>"; };
		CEA0464F2785AC9800A3068F /* NewTaskViewController.swift */ = {isa = PBXFileReference; lastKnownFileType = sourcecode.swift; path = NewTaskViewController.swift; sourceTree = "<group>"; };
		CEA046502785AC9800A3068F /* NewTaskProtocols.swift */ = {isa = PBXFileReference; lastKnownFileType = sourcecode.swift; path = NewTaskProtocols.swift; sourceTree = "<group>"; };
		CEA046512785AC9800A3068F /* NewTaskInteractor.swift */ = {isa = PBXFileReference; lastKnownFileType = sourcecode.swift; path = NewTaskInteractor.swift; sourceTree = "<group>"; };
		CEA046522785AC9800A3068F /* NewTaskContainer.swift */ = {isa = PBXFileReference; lastKnownFileType = sourcecode.swift; path = NewTaskContainer.swift; sourceTree = "<group>"; };
		CEA0465A2785B02F00A3068F /* UIView+.swift */ = {isa = PBXFileReference; lastKnownFileType = sourcecode.swift; path = "UIView+.swift"; sourceTree = "<group>"; };
		CEFA76C72782120E0058F5C5 /* TestDiary.app */ = {isa = PBXFileReference; explicitFileType = wrapper.application; includeInIndex = 0; path = TestDiary.app; sourceTree = BUILT_PRODUCTS_DIR; };
		CEFA76CA2782120E0058F5C5 /* AppDelegate.swift */ = {isa = PBXFileReference; lastKnownFileType = sourcecode.swift; path = AppDelegate.swift; sourceTree = "<group>"; };
		CEFA76CC2782120E0058F5C5 /* SceneDelegate.swift */ = {isa = PBXFileReference; lastKnownFileType = sourcecode.swift; path = SceneDelegate.swift; sourceTree = "<group>"; };
		CEFA76D3278212110058F5C5 /* Assets.xcassets */ = {isa = PBXFileReference; lastKnownFileType = folder.assetcatalog; path = Assets.xcassets; sourceTree = "<group>"; };
		CEFA76D6278212110058F5C5 /* Base */ = {isa = PBXFileReference; lastKnownFileType = file.storyboard; name = Base; path = Base.lproj/LaunchScreen.storyboard; sourceTree = "<group>"; };
		CEFA76D8278212110058F5C5 /* Info.plist */ = {isa = PBXFileReference; lastKnownFileType = text.plist.xml; path = Info.plist; sourceTree = "<group>"; };
		CEFA76DD278212110058F5C5 /* TestDiaryTests.xctest */ = {isa = PBXFileReference; explicitFileType = wrapper.cfbundle; includeInIndex = 0; path = TestDiaryTests.xctest; sourceTree = BUILT_PRODUCTS_DIR; };
		CEFA76E1278212110058F5C5 /* TestDiaryTests.swift */ = {isa = PBXFileReference; lastKnownFileType = sourcecode.swift; path = TestDiaryTests.swift; sourceTree = "<group>"; };
		CEFA76E7278212110058F5C5 /* TestDiaryUITests.xctest */ = {isa = PBXFileReference; explicitFileType = wrapper.cfbundle; includeInIndex = 0; path = TestDiaryUITests.xctest; sourceTree = BUILT_PRODUCTS_DIR; };
		CEFA76EB278212110058F5C5 /* TestDiaryUITests.swift */ = {isa = PBXFileReference; lastKnownFileType = sourcecode.swift; path = TestDiaryUITests.swift; sourceTree = "<group>"; };
		CEFA76ED278212110058F5C5 /* TestDiaryUITestsLaunchTests.swift */ = {isa = PBXFileReference; lastKnownFileType = sourcecode.swift; path = TestDiaryUITestsLaunchTests.swift; sourceTree = "<group>"; };
		D361C5F20FF424365C6AA051 /* Pods-TestDiaryTests.debug.xcconfig */ = {isa = PBXFileReference; includeInIndex = 1; lastKnownFileType = text.xcconfig; name = "Pods-TestDiaryTests.debug.xcconfig"; path = "Target Support Files/Pods-TestDiaryTests/Pods-TestDiaryTests.debug.xcconfig"; sourceTree = "<group>"; };
/* End PBXFileReference section */

/* Begin PBXFrameworksBuildPhase section */
		CEFA76C42782120E0058F5C5 /* Frameworks */ = {
			isa = PBXFrameworksBuildPhase;
			buildActionMask = 2147483647;
			files = (
				0F88A1EAC9EA554A842B3A55 /* Pods_TestDiary.framework in Frameworks */,
			);
			runOnlyForDeploymentPostprocessing = 0;
		};
		CEFA76DA278212110058F5C5 /* Frameworks */ = {
			isa = PBXFrameworksBuildPhase;
			buildActionMask = 2147483647;
			files = (
				EF9701C19D293112D6306109 /* Pods_TestDiaryTests.framework in Frameworks */,
			);
			runOnlyForDeploymentPostprocessing = 0;
		};
		CEFA76E4278212110058F5C5 /* Frameworks */ = {
			isa = PBXFrameworksBuildPhase;
			buildActionMask = 2147483647;
			files = (
				4780B13BC0948018AFDC2650 /* Pods_TestDiary_TestDiaryUITests.framework in Frameworks */,
			);
			runOnlyForDeploymentPostprocessing = 0;
		};
/* End PBXFrameworksBuildPhase section */

/* Begin PBXGroup section */
		4072C32E81038C940DD80115 /* Pods */ = {
			isa = PBXGroup;
			children = (
				4476FB147EB24690CEB527CE /* Pods-TestDiary.debug.xcconfig */,
				36FE64214C433D05DED69026 /* Pods-TestDiary.release.xcconfig */,
				24B9BE986F70773362D8ABF0 /* Pods-TestDiary-TestDiaryUITests.debug.xcconfig */,
				8753D65069F3CBF805454324 /* Pods-TestDiary-TestDiaryUITests.release.xcconfig */,
				D361C5F20FF424365C6AA051 /* Pods-TestDiaryTests.debug.xcconfig */,
				8B8A6565F11266CA2D537E12 /* Pods-TestDiaryTests.release.xcconfig */,
			);
			path = Pods;
			sourceTree = "<group>";
		};
		CE129819279047B500E77F15 /* Services */ = {
			isa = PBXGroup;
			children = (
				CE12981C279049C000E77F15 /* Model */,
				CE12981B279047D200E77F15 /* Realm */,
				CE12981A279047C300E77F15 /* Network */,
			);
			path = Services;
			sourceTree = "<group>";
		};
		CE12981A279047C300E77F15 /* Network */ = {
			isa = PBXGroup;
			children = (
				CE129825279071EF00E77F15 /* NetworkService.swift */,
				CE12982727908EC100E77F15 /* NetworkService+Tasks.swift */,
				CE12982327906BB800E77F15 /* NetworkServiceProtocols.swift */,
				CE12982127906B1500E77F15 /* URLFactory.swift */,
			);
			path = Network;
			sourceTree = "<group>";
		};
		CE12981B279047D200E77F15 /* Realm */ = {
			isa = PBXGroup;
			children = (
				CE12982B2792E66B00E77F15 /* RealmService.swift */,
				CE12982D27931ED500E77F15 /* RealmService+Tasks.swift */,
				CE12982F27931F1F00E77F15 /* RealmSeviceProtocols.swift */,
			);
			path = Realm;
			sourceTree = "<group>";
		};
		CE12981C279049C000E77F15 /* Model */ = {
			isa = PBXGroup;
			children = (
				CE12981D27904A2E00E77F15 /* TaskModel.swift */,
			);
			path = Model;
			sourceTree = "<group>";
		};
		CE149F41278B5D9D00BF990F /* Commom */ = {
			isa = PBXGroup;
			children = (
				CE149F47278C1DCD00BF990F /* UI */,
				CE6C95A327983BDA00C05382 /* BaseClasses */,
			);
			path = Commom;
			sourceTree = "<group>";
		};
		CE149F47278C1DCD00BF990F /* UI */ = {
			isa = PBXGroup;
			children = (
				CE149F4C278C23AC00BF990F /* BlockBarButtonItem.swift */,
			);
			path = UI;
			sourceTree = "<group>";
		};
		CE149F4E278C3D1C00BF990F /* Resources */ = {
			isa = PBXGroup;
			children = (
				CE149F4F278C80A300BF990F /* MockData.json */,
			);
			path = Resources;
			sourceTree = "<group>";
		};
		CE149F51278C87ED00BF990F /* Views */ = {
			isa = PBXGroup;
			children = (
				CE149F52278C881700BF990F /* NewTaskView.swift */,
			);
			path = Views;
			sourceTree = "<group>";
		};
		CE6C95A327983BDA00C05382 /* BaseClasses */ = {
			isa = PBXGroup;
			children = (
				CE149F4A278C1E3900BF990F /* BaseRouter.swift */,
				CE6C95BC279C41B100C05382 /* BaseTaskEditVC.swift */,
			);
			path = BaseClasses;
			sourceTree = "<group>";
		};
		CE6C95A627984A1A00C05382 /* Cell */ = {
			isa = PBXGroup;
			children = (
				CE6C95A827984ECB00C05382 /* TaskTableViewCell.swift */,
			);
			path = Cell;
			sourceTree = "<group>";
		};
		CE6C95A727984A2D00C05382 /* MainView */ = {
			isa = PBXGroup;
			children = (
				CEA046472784DA2D00A3068F /* MainView.swift */,
			);
			path = MainView;
			sourceTree = "<group>";
		};
		CE6C95AA279888B300C05382 /* ViewModel */ = {
			isa = PBXGroup;
			children = (
				CE6C95AB279888EB00C05382 /* TableViewViewModel.swift */,
			);
			path = ViewModel;
			sourceTree = "<group>";
		};
		CE6C95AD279ACE5000C05382 /* Edit */ = {
			isa = PBXGroup;
			children = (
				CE6C95AE279ACE9700C05382 /* EditPresenter.swift */,
				CE6C95AF279ACE9700C05382 /* EditRouter.swift */,
				CE6C95B0279ACE9700C05382 /* EditViewController.swift */,
				CE6C95B1279ACE9700C05382 /* EditProtocols.swift */,
				CE6C95B2279ACE9700C05382 /* EditInteractor.swift */,
				CE6C95B3279ACE9700C05382 /* EditContainer.swift */,
			);
			path = Edit;
			sourceTree = "<group>";
		};
		CEA046382784AF4600A3068F /* Modules */ = {
			isa = PBXGroup;
			children = (
				CEA046452784B1EE00A3068F /* Main */,
				CEA0464C2785AC0400A3068F /* NewTask */,
				CE6C95AD279ACE5000C05382 /* Edit */,
			);
			path = Modules;
			sourceTree = "<group>";
		};
		CEA046452784B1EE00A3068F /* Main */ = {
			isa = PBXGroup;
			children = (
				CEA046462784B57000A3068F /* Views */,
				CE6C95AA279888B300C05382 /* ViewModel */,
				CEA046392784B1C000A3068F /* MainPresenter.swift */,
				CEA0463A2784B1C000A3068F /* MainRouter.swift */,
				CEA0463B2784B1C000A3068F /* MainViewController.swift */,
				CEA0463C2784B1C000A3068F /* MainProtocols.swift */,
				CEA0463D2784B1C000A3068F /* MainInteractor.swift */,
				CEA0463E2784B1C000A3068F /* MainContainer.swift */,
			);
			path = Main;
			sourceTree = "<group>";
		};
		CEA046462784B57000A3068F /* Views */ = {
			isa = PBXGroup;
			children = (
				CE6C95A727984A2D00C05382 /* MainView */,
				CE6C95A627984A1A00C05382 /* Cell */,
			);
			path = Views;
			sourceTree = "<group>";
		};
		CEA0464B2785941400A3068F /* Coordinator */ = {
			isa = PBXGroup;
			children = (
				CEA04649278593DF00A3068F /* AppCoordinator.swift */,
				CE12982927909D0E00E77F15 /* AppDependency.swift */,
			);
			path = Coordinator;
			sourceTree = "<group>";
		};
		CEA0464C2785AC0400A3068F /* NewTask */ = {
			isa = PBXGroup;
			children = (
				CE149F51278C87ED00BF990F /* Views */,
				CEA0464D2785AC9800A3068F /* NewTaskPresenter.swift */,
				CEA0464E2785AC9800A3068F /* NewTaskRouter.swift */,
				CEA0464F2785AC9800A3068F /* NewTaskViewController.swift */,
				CEA046502785AC9800A3068F /* NewTaskProtocols.swift */,
				CEA046512785AC9800A3068F /* NewTaskInteractor.swift */,
				CEA046522785AC9800A3068F /* NewTaskContainer.swift */,
			);
			path = NewTask;
			sourceTree = "<group>";
		};
		CEA046592785AFDB00A3068F /* Extensions */ = {
			isa = PBXGroup;
			children = (
				CEA0465A2785B02F00A3068F /* UIView+.swift */,
				CE1298312794B9C600E77F15 /* Date+.swift */,
				CE6C95A427983C3000C05382 /* UITableView+.swift */,
			);
			path = Extensions;
			sourceTree = "<group>";
		};
		CEFA76BE2782120E0058F5C5 = {
			isa = PBXGroup;
			children = (
				CEFA76C92782120E0058F5C5 /* TestDiary */,
				CEFA76E0278212110058F5C5 /* TestDiaryTests */,
				CEFA76EA278212110058F5C5 /* TestDiaryUITests */,
				CEFA76C82782120E0058F5C5 /* Products */,
				4072C32E81038C940DD80115 /* Pods */,
				D14ED74564A0CBF8BFDF38AF /* Frameworks */,
			);
			sourceTree = "<group>";
		};
		CEFA76C82782120E0058F5C5 /* Products */ = {
			isa = PBXGroup;
			children = (
				CEFA76C72782120E0058F5C5 /* TestDiary.app */,
				CEFA76DD278212110058F5C5 /* TestDiaryTests.xctest */,
				CEFA76E7278212110058F5C5 /* TestDiaryUITests.xctest */,
			);
			name = Products;
			sourceTree = "<group>";
		};
		CEFA76C92782120E0058F5C5 /* TestDiary */ = {
			isa = PBXGroup;
			children = (
				CE129819279047B500E77F15 /* Services */,
				CE149F4E278C3D1C00BF990F /* Resources */,
				CE149F41278B5D9D00BF990F /* Commom */,
				CEA046592785AFDB00A3068F /* Extensions */,
				CEA0464B2785941400A3068F /* Coordinator */,
				CEA046382784AF4600A3068F /* Modules */,
				CEFA76CA2782120E0058F5C5 /* AppDelegate.swift */,
				CEFA76CC2782120E0058F5C5 /* SceneDelegate.swift */,
				CEFA76D3278212110058F5C5 /* Assets.xcassets */,
				CEFA76D5278212110058F5C5 /* LaunchScreen.storyboard */,
				CEFA76D8278212110058F5C5 /* Info.plist */,
			);
			path = TestDiary;
			sourceTree = "<group>";
		};
		CEFA76E0278212110058F5C5 /* TestDiaryTests */ = {
			isa = PBXGroup;
			children = (
				CEFA76E1278212110058F5C5 /* TestDiaryTests.swift */,
			);
			path = TestDiaryTests;
			sourceTree = "<group>";
		};
		CEFA76EA278212110058F5C5 /* TestDiaryUITests */ = {
			isa = PBXGroup;
			children = (
				CEFA76EB278212110058F5C5 /* TestDiaryUITests.swift */,
				CEFA76ED278212110058F5C5 /* TestDiaryUITestsLaunchTests.swift */,
			);
			path = TestDiaryUITests;
			sourceTree = "<group>";
		};
		D14ED74564A0CBF8BFDF38AF /* Frameworks */ = {
			isa = PBXGroup;
			children = (
				7ED9AB7B127E2DAA694A1E2E /* Pods_TestDiary.framework */,
				AAE53C72C8991E4E39608869 /* Pods_TestDiary_TestDiaryUITests.framework */,
				1E5A64C8D5E8B3B624613E06 /* Pods_TestDiaryTests.framework */,
			);
			name = Frameworks;
			sourceTree = "<group>";
		};
/* End PBXGroup section */

/* Begin PBXNativeTarget section */
		CEFA76C62782120E0058F5C5 /* TestDiary */ = {
			isa = PBXNativeTarget;
			buildConfigurationList = CEFA76F1278212110058F5C5 /* Build configuration list for PBXNativeTarget "TestDiary" */;
			buildPhases = (
				956CF33C9EB5ACA905026E0A /* [CP] Check Pods Manifest.lock */,
				CEA046372784A3ED00A3068F /* SwiftLint */,
				CEFA76C32782120E0058F5C5 /* Sources */,
				CEFA76C42782120E0058F5C5 /* Frameworks */,
				CEFA76C52782120E0058F5C5 /* Resources */,
				12129C4DF00F856B4E5005DB /* [CP] Embed Pods Frameworks */,
			);
			buildRules = (
			);
			dependencies = (
			);
			name = TestDiary;
			productName = TestDiary;
			productReference = CEFA76C72782120E0058F5C5 /* TestDiary.app */;
			productType = "com.apple.product-type.application";
		};
		CEFA76DC278212110058F5C5 /* TestDiaryTests */ = {
			isa = PBXNativeTarget;
			buildConfigurationList = CEFA76F4278212110058F5C5 /* Build configuration list for PBXNativeTarget "TestDiaryTests" */;
			buildPhases = (
				DA843EE8E9DEFDBABFB878E8 /* [CP] Check Pods Manifest.lock */,
				CEFA76D9278212110058F5C5 /* Sources */,
				CEFA76DA278212110058F5C5 /* Frameworks */,
				CEFA76DB278212110058F5C5 /* Resources */,
			);
			buildRules = (
			);
			dependencies = (
				CEFA76DF278212110058F5C5 /* PBXTargetDependency */,
			);
			name = TestDiaryTests;
			productName = TestDiaryTests;
			productReference = CEFA76DD278212110058F5C5 /* TestDiaryTests.xctest */;
			productType = "com.apple.product-type.bundle.unit-test";
		};
		CEFA76E6278212110058F5C5 /* TestDiaryUITests */ = {
			isa = PBXNativeTarget;
			buildConfigurationList = CEFA76F7278212110058F5C5 /* Build configuration list for PBXNativeTarget "TestDiaryUITests" */;
			buildPhases = (
				3DCE3411B3BEE23C447E7974 /* [CP] Check Pods Manifest.lock */,
				CEFA76E3278212110058F5C5 /* Sources */,
				CEFA76E4278212110058F5C5 /* Frameworks */,
				CEFA76E5278212110058F5C5 /* Resources */,
				15B6E172E9476941EA5630A0 /* [CP] Embed Pods Frameworks */,
			);
			buildRules = (
			);
			dependencies = (
				CEFA76E9278212110058F5C5 /* PBXTargetDependency */,
			);
			name = TestDiaryUITests;
			productName = TestDiaryUITests;
			productReference = CEFA76E7278212110058F5C5 /* TestDiaryUITests.xctest */;
			productType = "com.apple.product-type.bundle.ui-testing";
		};
/* End PBXNativeTarget section */

/* Begin PBXProject section */
		CEFA76BF2782120E0058F5C5 /* Project object */ = {
			isa = PBXProject;
			attributes = {
				BuildIndependentTargetsInParallel = 1;
				LastSwiftUpdateCheck = 1320;
				LastUpgradeCheck = 1320;
				TargetAttributes = {
					CEFA76C62782120E0058F5C5 = {
						CreatedOnToolsVersion = 13.2.1;
					};
					CEFA76DC278212110058F5C5 = {
						CreatedOnToolsVersion = 13.2.1;
						TestTargetID = CEFA76C62782120E0058F5C5;
					};
					CEFA76E6278212110058F5C5 = {
						CreatedOnToolsVersion = 13.2.1;
						TestTargetID = CEFA76C62782120E0058F5C5;
					};
				};
			};
			buildConfigurationList = CEFA76C22782120E0058F5C5 /* Build configuration list for PBXProject "TestDiary" */;
			compatibilityVersion = "Xcode 13.0";
			developmentRegion = en;
			hasScannedForEncodings = 0;
			knownRegions = (
				en,
				Base,
			);
			mainGroup = CEFA76BE2782120E0058F5C5;
			productRefGroup = CEFA76C82782120E0058F5C5 /* Products */;
			projectDirPath = "";
			projectRoot = "";
			targets = (
				CEFA76C62782120E0058F5C5 /* TestDiary */,
				CEFA76DC278212110058F5C5 /* TestDiaryTests */,
				CEFA76E6278212110058F5C5 /* TestDiaryUITests */,
			);
		};
/* End PBXProject section */

/* Begin PBXResourcesBuildPhase section */
		CEFA76C52782120E0058F5C5 /* Resources */ = {
			isa = PBXResourcesBuildPhase;
			buildActionMask = 2147483647;
			files = (
				CEFA76D7278212110058F5C5 /* LaunchScreen.storyboard in Resources */,
				CEFA76D4278212110058F5C5 /* Assets.xcassets in Resources */,
				CE149F50278C80A300BF990F /* MockData.json in Resources */,
			);
			runOnlyForDeploymentPostprocessing = 0;
		};
		CEFA76DB278212110058F5C5 /* Resources */ = {
			isa = PBXResourcesBuildPhase;
			buildActionMask = 2147483647;
			files = (
			);
			runOnlyForDeploymentPostprocessing = 0;
		};
		CEFA76E5278212110058F5C5 /* Resources */ = {
			isa = PBXResourcesBuildPhase;
			buildActionMask = 2147483647;
			files = (
			);
			runOnlyForDeploymentPostprocessing = 0;
		};
/* End PBXResourcesBuildPhase section */

/* Begin PBXShellScriptBuildPhase section */
		12129C4DF00F856B4E5005DB /* [CP] Embed Pods Frameworks */ = {
			isa = PBXShellScriptBuildPhase;
			buildActionMask = 2147483647;
			files = (
			);
			inputFileListPaths = (
				"${PODS_ROOT}/Target Support Files/Pods-TestDiary/Pods-TestDiary-frameworks-${CONFIGURATION}-input-files.xcfilelist",
			);
			name = "[CP] Embed Pods Frameworks";
			outputFileListPaths = (
				"${PODS_ROOT}/Target Support Files/Pods-TestDiary/Pods-TestDiary-frameworks-${CONFIGURATION}-output-files.xcfilelist",
			);
			runOnlyForDeploymentPostprocessing = 0;
			shellPath = /bin/sh;
			shellScript = "\"${PODS_ROOT}/Target Support Files/Pods-TestDiary/Pods-TestDiary-frameworks.sh\"\n";
			showEnvVarsInLog = 0;
		};
		15B6E172E9476941EA5630A0 /* [CP] Embed Pods Frameworks */ = {
			isa = PBXShellScriptBuildPhase;
			buildActionMask = 2147483647;
			files = (
			);
			inputFileListPaths = (
				"${PODS_ROOT}/Target Support Files/Pods-TestDiary-TestDiaryUITests/Pods-TestDiary-TestDiaryUITests-frameworks-${CONFIGURATION}-input-files.xcfilelist",
			);
			name = "[CP] Embed Pods Frameworks";
			outputFileListPaths = (
				"${PODS_ROOT}/Target Support Files/Pods-TestDiary-TestDiaryUITests/Pods-TestDiary-TestDiaryUITests-frameworks-${CONFIGURATION}-output-files.xcfilelist",
			);
			runOnlyForDeploymentPostprocessing = 0;
			shellPath = /bin/sh;
			shellScript = "\"${PODS_ROOT}/Target Support Files/Pods-TestDiary-TestDiaryUITests/Pods-TestDiary-TestDiaryUITests-frameworks.sh\"\n";
			showEnvVarsInLog = 0;
		};
		3DCE3411B3BEE23C447E7974 /* [CP] Check Pods Manifest.lock */ = {
			isa = PBXShellScriptBuildPhase;
			buildActionMask = 2147483647;
			files = (
			);
			inputFileListPaths = (
			);
			inputPaths = (
				"${PODS_PODFILE_DIR_PATH}/Podfile.lock",
				"${PODS_ROOT}/Manifest.lock",
			);
			name = "[CP] Check Pods Manifest.lock";
			outputFileListPaths = (
			);
			outputPaths = (
				"$(DERIVED_FILE_DIR)/Pods-TestDiary-TestDiaryUITests-checkManifestLockResult.txt",
			);
			runOnlyForDeploymentPostprocessing = 0;
			shellPath = /bin/sh;
			shellScript = "diff \"${PODS_PODFILE_DIR_PATH}/Podfile.lock\" \"${PODS_ROOT}/Manifest.lock\" > /dev/null\nif [ $? != 0 ] ; then\n    # print error to STDERR\n    echo \"error: The sandbox is not in sync with the Podfile.lock. Run 'pod install' or update your CocoaPods installation.\" >&2\n    exit 1\nfi\n# This output is used by Xcode 'outputs' to avoid re-running this script phase.\necho \"SUCCESS\" > \"${SCRIPT_OUTPUT_FILE_0}\"\n";
			showEnvVarsInLog = 0;
		};
		956CF33C9EB5ACA905026E0A /* [CP] Check Pods Manifest.lock */ = {
			isa = PBXShellScriptBuildPhase;
			buildActionMask = 2147483647;
			files = (
			);
			inputFileListPaths = (
			);
			inputPaths = (
				"${PODS_PODFILE_DIR_PATH}/Podfile.lock",
				"${PODS_ROOT}/Manifest.lock",
			);
			name = "[CP] Check Pods Manifest.lock";
			outputFileListPaths = (
			);
			outputPaths = (
				"$(DERIVED_FILE_DIR)/Pods-TestDiary-checkManifestLockResult.txt",
			);
			runOnlyForDeploymentPostprocessing = 0;
			shellPath = /bin/sh;
			shellScript = "diff \"${PODS_PODFILE_DIR_PATH}/Podfile.lock\" \"${PODS_ROOT}/Manifest.lock\" > /dev/null\nif [ $? != 0 ] ; then\n    # print error to STDERR\n    echo \"error: The sandbox is not in sync with the Podfile.lock. Run 'pod install' or update your CocoaPods installation.\" >&2\n    exit 1\nfi\n# This output is used by Xcode 'outputs' to avoid re-running this script phase.\necho \"SUCCESS\" > \"${SCRIPT_OUTPUT_FILE_0}\"\n";
			showEnvVarsInLog = 0;
		};
		CEA046372784A3ED00A3068F /* SwiftLint */ = {
			isa = PBXShellScriptBuildPhase;
			buildActionMask = 2147483647;
			files = (
			);
			inputFileListPaths = (
			);
			inputPaths = (
			);
			name = SwiftLint;
			outputFileListPaths = (
			);
			outputPaths = (
			);
			runOnlyForDeploymentPostprocessing = 0;
			shellPath = /bin/sh;
			shellScript = "${PODS_ROOT}/SwiftLint/swiftlint\n";
		};
		DA843EE8E9DEFDBABFB878E8 /* [CP] Check Pods Manifest.lock */ = {
			isa = PBXShellScriptBuildPhase;
			buildActionMask = 2147483647;
			files = (
			);
			inputFileListPaths = (
			);
			inputPaths = (
				"${PODS_PODFILE_DIR_PATH}/Podfile.lock",
				"${PODS_ROOT}/Manifest.lock",
			);
			name = "[CP] Check Pods Manifest.lock";
			outputFileListPaths = (
			);
			outputPaths = (
				"$(DERIVED_FILE_DIR)/Pods-TestDiaryTests-checkManifestLockResult.txt",
			);
			runOnlyForDeploymentPostprocessing = 0;
			shellPath = /bin/sh;
			shellScript = "diff \"${PODS_PODFILE_DIR_PATH}/Podfile.lock\" \"${PODS_ROOT}/Manifest.lock\" > /dev/null\nif [ $? != 0 ] ; then\n    # print error to STDERR\n    echo \"error: The sandbox is not in sync with the Podfile.lock. Run 'pod install' or update your CocoaPods installation.\" >&2\n    exit 1\nfi\n# This output is used by Xcode 'outputs' to avoid re-running this script phase.\necho \"SUCCESS\" > \"${SCRIPT_OUTPUT_FILE_0}\"\n";
			showEnvVarsInLog = 0;
		};
/* End PBXShellScriptBuildPhase section */

/* Begin PBXSourcesBuildPhase section */
		CEFA76C32782120E0058F5C5 /* Sources */ = {
			isa = PBXSourcesBuildPhase;
			buildActionMask = 2147483647;
			files = (
				CEFA76CB2782120E0058F5C5 /* AppDelegate.swift in Sources */,
				CE6C95B5279ACE9800C05382 /* EditRouter.swift in Sources */,
				CEA046582785AC9800A3068F /* NewTaskContainer.swift in Sources */,
				CEA046482784DA2D00A3068F /* MainView.swift in Sources */,
				CE1298322794B9C700E77F15 /* Date+.swift in Sources */,
				CE6C95A527983C3000C05382 /* UITableView+.swift in Sources */,
				CE12981E27904A2E00E77F15 /* TaskModel.swift in Sources */,
				CE12982C2792E66B00E77F15 /* RealmService.swift in Sources */,
				CE6C95B6279ACE9800C05382 /* EditViewController.swift in Sources */,
				CEA0464A278593DF00A3068F /* AppCoordinator.swift in Sources */,
				CE6C95A927984ECB00C05382 /* TaskTableViewCell.swift in Sources */,
				CE12982A27909D0E00E77F15 /* AppDependency.swift in Sources */,
				CE6C95B8279ACE9800C05382 /* EditInteractor.swift in Sources */,
				CE12982E27931ED600E77F15 /* RealmService+Tasks.swift in Sources */,
				CEA046402784B1C000A3068F /* MainRouter.swift in Sources */,
				CE12982427906BB800E77F15 /* NetworkServiceProtocols.swift in Sources */,
				CEA046542785AC9800A3068F /* NewTaskRouter.swift in Sources */,
				CE12983027931F1F00E77F15 /* RealmSeviceProtocols.swift in Sources */,
				CE6C95B9279ACE9800C05382 /* EditContainer.swift in Sources */,
				CEA046422784B1C000A3068F /* MainProtocols.swift in Sources */,
				CE149F53278C881700BF990F /* NewTaskView.swift in Sources */,
				CEA046572785AC9800A3068F /* NewTaskInteractor.swift in Sources */,
				CEA046552785AC9800A3068F /* NewTaskViewController.swift in Sources */,
				CE6C95AC279888EB00C05382 /* TableViewViewModel.swift in Sources */,
				CEA046562785AC9800A3068F /* NewTaskProtocols.swift in Sources */,
				CEA0463F2784B1C000A3068F /* MainPresenter.swift in Sources */,
				CE12982227906B1500E77F15 /* URLFactory.swift in Sources */,
				CE6C95B7279ACE9800C05382 /* EditProtocols.swift in Sources */,
				CE6C95BD279C41B100C05382 /* BaseTaskEditVC.swift in Sources */,
				CEFA76CD2782120E0058F5C5 /* SceneDelegate.swift in Sources */,
				CE149F4B278C1E3900BF990F /* BaseRouter.swift in Sources */,
				CEA046532785AC9800A3068F /* NewTaskPresenter.swift in Sources */,
				CEA0465B2785B02F00A3068F /* UIView+.swift in Sources */,
				CEA046432784B1C000A3068F /* MainInteractor.swift in Sources */,
				CEA046442784B1C000A3068F /* MainContainer.swift in Sources */,
				CE149F4D278C23AC00BF990F /* BlockBarButtonItem.swift in Sources */,
				CE129826279071EF00E77F15 /* NetworkService.swift in Sources */,
				CEA046412784B1C000A3068F /* MainViewController.swift in Sources */,
				CE6C95B4279ACE9800C05382 /* EditPresenter.swift in Sources */,
				CE12982827908EC100E77F15 /* NetworkService+Tasks.swift in Sources */,
			);
			runOnlyForDeploymentPostprocessing = 0;
		};
		CEFA76D9278212110058F5C5 /* Sources */ = {
			isa = PBXSourcesBuildPhase;
			buildActionMask = 2147483647;
			files = (
				CEFA76E2278212110058F5C5 /* TestDiaryTests.swift in Sources */,
			);
			runOnlyForDeploymentPostprocessing = 0;
		};
		CEFA76E3278212110058F5C5 /* Sources */ = {
			isa = PBXSourcesBuildPhase;
			buildActionMask = 2147483647;
			files = (
				CEFA76EE278212110058F5C5 /* TestDiaryUITestsLaunchTests.swift in Sources */,
				CEFA76EC278212110058F5C5 /* TestDiaryUITests.swift in Sources */,
			);
			runOnlyForDeploymentPostprocessing = 0;
		};
/* End PBXSourcesBuildPhase section */

/* Begin PBXTargetDependency section */
		CEFA76DF278212110058F5C5 /* PBXTargetDependency */ = {
			isa = PBXTargetDependency;
			target = CEFA76C62782120E0058F5C5 /* TestDiary */;
			targetProxy = CEFA76DE278212110058F5C5 /* PBXContainerItemProxy */;
		};
		CEFA76E9278212110058F5C5 /* PBXTargetDependency */ = {
			isa = PBXTargetDependency;
			target = CEFA76C62782120E0058F5C5 /* TestDiary */;
			targetProxy = CEFA76E8278212110058F5C5 /* PBXContainerItemProxy */;
		};
/* End PBXTargetDependency section */

/* Begin PBXVariantGroup section */
		CEFA76D5278212110058F5C5 /* LaunchScreen.storyboard */ = {
			isa = PBXVariantGroup;
			children = (
				CEFA76D6278212110058F5C5 /* Base */,
			);
			name = LaunchScreen.storyboard;
			sourceTree = "<group>";
		};
/* End PBXVariantGroup section */

/* Begin XCBuildConfiguration section */
		CEFA76EF278212110058F5C5 /* Debug */ = {
			isa = XCBuildConfiguration;
			buildSettings = {
				ALWAYS_SEARCH_USER_PATHS = NO;
				CLANG_ANALYZER_NONNULL = YES;
				CLANG_ANALYZER_NUMBER_OBJECT_CONVERSION = YES_AGGRESSIVE;
				CLANG_CXX_LANGUAGE_STANDARD = "gnu++17";
				CLANG_CXX_LIBRARY = "libc++";
				CLANG_ENABLE_MODULES = YES;
				CLANG_ENABLE_OBJC_ARC = YES;
				CLANG_ENABLE_OBJC_WEAK = YES;
				CLANG_WARN_BLOCK_CAPTURE_AUTORELEASING = YES;
				CLANG_WARN_BOOL_CONVERSION = YES;
				CLANG_WARN_COMMA = YES;
				CLANG_WARN_CONSTANT_CONVERSION = YES;
				CLANG_WARN_DEPRECATED_OBJC_IMPLEMENTATIONS = YES;
				CLANG_WARN_DIRECT_OBJC_ISA_USAGE = YES_ERROR;
				CLANG_WARN_DOCUMENTATION_COMMENTS = YES;
				CLANG_WARN_EMPTY_BODY = YES;
				CLANG_WARN_ENUM_CONVERSION = YES;
				CLANG_WARN_INFINITE_RECURSION = YES;
				CLANG_WARN_INT_CONVERSION = YES;
				CLANG_WARN_NON_LITERAL_NULL_CONVERSION = YES;
				CLANG_WARN_OBJC_IMPLICIT_RETAIN_SELF = YES;
				CLANG_WARN_OBJC_LITERAL_CONVERSION = YES;
				CLANG_WARN_OBJC_ROOT_CLASS = YES_ERROR;
				CLANG_WARN_QUOTED_INCLUDE_IN_FRAMEWORK_HEADER = YES;
				CLANG_WARN_RANGE_LOOP_ANALYSIS = YES;
				CLANG_WARN_STRICT_PROTOTYPES = YES;
				CLANG_WARN_SUSPICIOUS_MOVE = YES;
				CLANG_WARN_UNGUARDED_AVAILABILITY = YES_AGGRESSIVE;
				CLANG_WARN_UNREACHABLE_CODE = YES;
				CLANG_WARN__DUPLICATE_METHOD_MATCH = YES;
				COPY_PHASE_STRIP = NO;
				DEBUG_INFORMATION_FORMAT = dwarf;
				ENABLE_STRICT_OBJC_MSGSEND = YES;
				ENABLE_TESTABILITY = YES;
				GCC_C_LANGUAGE_STANDARD = gnu11;
				GCC_DYNAMIC_NO_PIC = NO;
				GCC_NO_COMMON_BLOCKS = YES;
				GCC_OPTIMIZATION_LEVEL = 0;
				GCC_PREPROCESSOR_DEFINITIONS = (
					"DEBUG=1",
					"$(inherited)",
				);
				GCC_WARN_64_TO_32_BIT_CONVERSION = YES;
				GCC_WARN_ABOUT_RETURN_TYPE = YES_ERROR;
				GCC_WARN_UNDECLARED_SELECTOR = YES;
				GCC_WARN_UNINITIALIZED_AUTOS = YES_AGGRESSIVE;
				GCC_WARN_UNUSED_FUNCTION = YES;
				GCC_WARN_UNUSED_VARIABLE = YES;
				IPHONEOS_DEPLOYMENT_TARGET = 15.2;
				MTL_ENABLE_DEBUG_INFO = INCLUDE_SOURCE;
				MTL_FAST_MATH = YES;
				ONLY_ACTIVE_ARCH = YES;
				SDKROOT = iphoneos;
				SWIFT_ACTIVE_COMPILATION_CONDITIONS = DEBUG;
				SWIFT_OPTIMIZATION_LEVEL = "-Onone";
			};
			name = Debug;
		};
		CEFA76F0278212110058F5C5 /* Release */ = {
			isa = XCBuildConfiguration;
			buildSettings = {
				ALWAYS_SEARCH_USER_PATHS = NO;
				CLANG_ANALYZER_NONNULL = YES;
				CLANG_ANALYZER_NUMBER_OBJECT_CONVERSION = YES_AGGRESSIVE;
				CLANG_CXX_LANGUAGE_STANDARD = "gnu++17";
				CLANG_CXX_LIBRARY = "libc++";
				CLANG_ENABLE_MODULES = YES;
				CLANG_ENABLE_OBJC_ARC = YES;
				CLANG_ENABLE_OBJC_WEAK = YES;
				CLANG_WARN_BLOCK_CAPTURE_AUTORELEASING = YES;
				CLANG_WARN_BOOL_CONVERSION = YES;
				CLANG_WARN_COMMA = YES;
				CLANG_WARN_CONSTANT_CONVERSION = YES;
				CLANG_WARN_DEPRECATED_OBJC_IMPLEMENTATIONS = YES;
				CLANG_WARN_DIRECT_OBJC_ISA_USAGE = YES_ERROR;
				CLANG_WARN_DOCUMENTATION_COMMENTS = YES;
				CLANG_WARN_EMPTY_BODY = YES;
				CLANG_WARN_ENUM_CONVERSION = YES;
				CLANG_WARN_INFINITE_RECURSION = YES;
				CLANG_WARN_INT_CONVERSION = YES;
				CLANG_WARN_NON_LITERAL_NULL_CONVERSION = YES;
				CLANG_WARN_OBJC_IMPLICIT_RETAIN_SELF = YES;
				CLANG_WARN_OBJC_LITERAL_CONVERSION = YES;
				CLANG_WARN_OBJC_ROOT_CLASS = YES_ERROR;
				CLANG_WARN_QUOTED_INCLUDE_IN_FRAMEWORK_HEADER = YES;
				CLANG_WARN_RANGE_LOOP_ANALYSIS = YES;
				CLANG_WARN_STRICT_PROTOTYPES = YES;
				CLANG_WARN_SUSPICIOUS_MOVE = YES;
				CLANG_WARN_UNGUARDED_AVAILABILITY = YES_AGGRESSIVE;
				CLANG_WARN_UNREACHABLE_CODE = YES;
				CLANG_WARN__DUPLICATE_METHOD_MATCH = YES;
				COPY_PHASE_STRIP = NO;
				DEBUG_INFORMATION_FORMAT = "dwarf-with-dsym";
				ENABLE_NS_ASSERTIONS = NO;
				ENABLE_STRICT_OBJC_MSGSEND = YES;
				GCC_C_LANGUAGE_STANDARD = gnu11;
				GCC_NO_COMMON_BLOCKS = YES;
				GCC_WARN_64_TO_32_BIT_CONVERSION = YES;
				GCC_WARN_ABOUT_RETURN_TYPE = YES_ERROR;
				GCC_WARN_UNDECLARED_SELECTOR = YES;
				GCC_WARN_UNINITIALIZED_AUTOS = YES_AGGRESSIVE;
				GCC_WARN_UNUSED_FUNCTION = YES;
				GCC_WARN_UNUSED_VARIABLE = YES;
				IPHONEOS_DEPLOYMENT_TARGET = 15.2;
				MTL_ENABLE_DEBUG_INFO = NO;
				MTL_FAST_MATH = YES;
				SDKROOT = iphoneos;
				SWIFT_COMPILATION_MODE = wholemodule;
				SWIFT_OPTIMIZATION_LEVEL = "-O";
				VALIDATE_PRODUCT = YES;
			};
			name = Release;
		};
		CEFA76F2278212110058F5C5 /* Debug */ = {
			isa = XCBuildConfiguration;
			baseConfigurationReference = 4476FB147EB24690CEB527CE /* Pods-TestDiary.debug.xcconfig */;
			buildSettings = {
				ASSETCATALOG_COMPILER_APPICON_NAME = AppIcon;
				ASSETCATALOG_COMPILER_GLOBAL_ACCENT_COLOR_NAME = AccentColor;
				CODE_SIGN_STYLE = Automatic;
				CURRENT_PROJECT_VERSION = 1;
				DEVELOPMENT_TEAM = NQ4Z543FM8;
				GENERATE_INFOPLIST_FILE = YES;
				INFOPLIST_FILE = TestDiary/Info.plist;
				INFOPLIST_KEY_UIApplicationSupportsIndirectInputEvents = YES;
				INFOPLIST_KEY_UILaunchStoryboardName = LaunchScreen;
				INFOPLIST_KEY_UISupportedInterfaceOrientations = UIInterfaceOrientationPortrait;
				INFOPLIST_KEY_UISupportedInterfaceOrientations_iPad = "UIInterfaceOrientationPortrait UIInterfaceOrientationPortraitUpsideDown UIInterfaceOrientationLandscapeLeft UIInterfaceOrientationLandscapeRight";
				INFOPLIST_KEY_UISupportedInterfaceOrientations_iPhone = "UIInterfaceOrientationPortrait UIInterfaceOrientationLandscapeLeft UIInterfaceOrientationLandscapeRight";
				IPHONEOS_DEPLOYMENT_TARGET = 13.0;
				LD_RUNPATH_SEARCH_PATHS = (
					"$(inherited)",
					"@executable_path/Frameworks",
				);
				MARKETING_VERSION = 1.0;
				PRODUCT_BUNDLE_IDENTIFIER = AC.TestDiary;
				PRODUCT_NAME = "$(TARGET_NAME)";
				SWIFT_EMIT_LOC_STRINGS = YES;
				SWIFT_VERSION = 5.0;
				TARGETED_DEVICE_FAMILY = 1;
			};
			name = Debug;
		};
		CEFA76F3278212110058F5C5 /* Release */ = {
			isa = XCBuildConfiguration;
			baseConfigurationReference = 36FE64214C433D05DED69026 /* Pods-TestDiary.release.xcconfig */;
			buildSettings = {
				ASSETCATALOG_COMPILER_APPICON_NAME = AppIcon;
				ASSETCATALOG_COMPILER_GLOBAL_ACCENT_COLOR_NAME = AccentColor;
				CODE_SIGN_STYLE = Automatic;
				CURRENT_PROJECT_VERSION = 1;
				DEVELOPMENT_TEAM = NQ4Z543FM8;
				GENERATE_INFOPLIST_FILE = YES;
				INFOPLIST_FILE = TestDiary/Info.plist;
				INFOPLIST_KEY_UIApplicationSupportsIndirectInputEvents = YES;
				INFOPLIST_KEY_UILaunchStoryboardName = LaunchScreen;
				INFOPLIST_KEY_UISupportedInterfaceOrientations = UIInterfaceOrientationPortrait;
				INFOPLIST_KEY_UISupportedInterfaceOrientations_iPad = "UIInterfaceOrientationPortrait UIInterfaceOrientationPortraitUpsideDown UIInterfaceOrientationLandscapeLeft UIInterfaceOrientationLandscapeRight";
				INFOPLIST_KEY_UISupportedInterfaceOrientations_iPhone = "UIInterfaceOrientationPortrait UIInterfaceOrientationLandscapeLeft UIInterfaceOrientationLandscapeRight";
				IPHONEOS_DEPLOYMENT_TARGET = 13.0;
				LD_RUNPATH_SEARCH_PATHS = (
					"$(inherited)",
					"@executable_path/Frameworks",
				);
				MARKETING_VERSION = 1.0;
				PRODUCT_BUNDLE_IDENTIFIER = AC.TestDiary;
				PRODUCT_NAME = "$(TARGET_NAME)";
				SWIFT_EMIT_LOC_STRINGS = YES;
				SWIFT_VERSION = 5.0;
				TARGETED_DEVICE_FAMILY = 1;
			};
			name = Release;
		};
		CEFA76F5278212110058F5C5 /* Debug */ = {
			isa = XCBuildConfiguration;
			baseConfigurationReference = D361C5F20FF424365C6AA051 /* Pods-TestDiaryTests.debug.xcconfig */;
			buildSettings = {
				ALWAYS_EMBED_SWIFT_STANDARD_LIBRARIES = YES;
				BUNDLE_LOADER = "$(TEST_HOST)";
				CODE_SIGN_STYLE = Automatic;
				CURRENT_PROJECT_VERSION = 1;
				DEVELOPMENT_TEAM = NQ4Z543FM8;
				GENERATE_INFOPLIST_FILE = YES;
				IPHONEOS_DEPLOYMENT_TARGET = 15.2;
				MARKETING_VERSION = 1.0;
				PRODUCT_BUNDLE_IDENTIFIER = AC.TestDiaryTests;
				PRODUCT_NAME = "$(TARGET_NAME)";
				SWIFT_EMIT_LOC_STRINGS = NO;
				SWIFT_VERSION = 5.0;
				TARGETED_DEVICE_FAMILY = "1,2";
				TEST_HOST = "$(BUILT_PRODUCTS_DIR)/TestDiary.app/TestDiary";
			};
			name = Debug;
		};
		CEFA76F6278212110058F5C5 /* Release */ = {
			isa = XCBuildConfiguration;
			baseConfigurationReference = 8B8A6565F11266CA2D537E12 /* Pods-TestDiaryTests.release.xcconfig */;
			buildSettings = {
				ALWAYS_EMBED_SWIFT_STANDARD_LIBRARIES = YES;
				BUNDLE_LOADER = "$(TEST_HOST)";
				CODE_SIGN_STYLE = Automatic;
				CURRENT_PROJECT_VERSION = 1;
				DEVELOPMENT_TEAM = NQ4Z543FM8;
				GENERATE_INFOPLIST_FILE = YES;
				IPHONEOS_DEPLOYMENT_TARGET = 15.2;
				MARKETING_VERSION = 1.0;
				PRODUCT_BUNDLE_IDENTIFIER = AC.TestDiaryTests;
				PRODUCT_NAME = "$(TARGET_NAME)";
				SWIFT_EMIT_LOC_STRINGS = NO;
				SWIFT_VERSION = 5.0;
				TARGETED_DEVICE_FAMILY = "1,2";
				TEST_HOST = "$(BUILT_PRODUCTS_DIR)/TestDiary.app/TestDiary";
			};
			name = Release;
		};
		CEFA76F8278212110058F5C5 /* Debug */ = {
			isa = XCBuildConfiguration;
			baseConfigurationReference = 24B9BE986F70773362D8ABF0 /* Pods-TestDiary-TestDiaryUITests.debug.xcconfig */;
			buildSettings = {
				ALWAYS_EMBED_SWIFT_STANDARD_LIBRARIES = YES;
				CODE_SIGN_STYLE = Automatic;
				CURRENT_PROJECT_VERSION = 1;
				DEVELOPMENT_TEAM = NQ4Z543FM8;
				GENERATE_INFOPLIST_FILE = YES;
				MARKETING_VERSION = 1.0;
				PRODUCT_BUNDLE_IDENTIFIER = AC.TestDiaryUITests;
				PRODUCT_NAME = "$(TARGET_NAME)";
				SWIFT_EMIT_LOC_STRINGS = NO;
				SWIFT_VERSION = 5.0;
				TARGETED_DEVICE_FAMILY = "1,2";
				TEST_TARGET_NAME = TestDiary;
			};
			name = Debug;
		};
		CEFA76F9278212110058F5C5 /* Release */ = {
			isa = XCBuildConfiguration;
			baseConfigurationReference = 8753D65069F3CBF805454324 /* Pods-TestDiary-TestDiaryUITests.release.xcconfig */;
			buildSettings = {
				ALWAYS_EMBED_SWIFT_STANDARD_LIBRARIES = YES;
				CODE_SIGN_STYLE = Automatic;
				CURRENT_PROJECT_VERSION = 1;
				DEVELOPMENT_TEAM = NQ4Z543FM8;
				GENERATE_INFOPLIST_FILE = YES;
				MARKETING_VERSION = 1.0;
				PRODUCT_BUNDLE_IDENTIFIER = AC.TestDiaryUITests;
				PRODUCT_NAME = "$(TARGET_NAME)";
				SWIFT_EMIT_LOC_STRINGS = NO;
				SWIFT_VERSION = 5.0;
				TARGETED_DEVICE_FAMILY = "1,2";
				TEST_TARGET_NAME = TestDiary;
			};
			name = Release;
		};
/* End XCBuildConfiguration section */

/* Begin XCConfigurationList section */
		CEFA76C22782120E0058F5C5 /* Build configuration list for PBXProject "TestDiary" */ = {
			isa = XCConfigurationList;
			buildConfigurations = (
				CEFA76EF278212110058F5C5 /* Debug */,
				CEFA76F0278212110058F5C5 /* Release */,
			);
			defaultConfigurationIsVisible = 0;
			defaultConfigurationName = Release;
		};
		CEFA76F1278212110058F5C5 /* Build configuration list for PBXNativeTarget "TestDiary" */ = {
			isa = XCConfigurationList;
			buildConfigurations = (
				CEFA76F2278212110058F5C5 /* Debug */,
				CEFA76F3278212110058F5C5 /* Release */,
			);
			defaultConfigurationIsVisible = 0;
			defaultConfigurationName = Release;
		};
		CEFA76F4278212110058F5C5 /* Build configuration list for PBXNativeTarget "TestDiaryTests" */ = {
			isa = XCConfigurationList;
			buildConfigurations = (
				CEFA76F5278212110058F5C5 /* Debug */,
				CEFA76F6278212110058F5C5 /* Release */,
			);
			defaultConfigurationIsVisible = 0;
			defaultConfigurationName = Release;
		};
		CEFA76F7278212110058F5C5 /* Build configuration list for PBXNativeTarget "TestDiaryUITests" */ = {
			isa = XCConfigurationList;
			buildConfigurations = (
				CEFA76F8278212110058F5C5 /* Debug */,
				CEFA76F9278212110058F5C5 /* Release */,
			);
			defaultConfigurationIsVisible = 0;
			defaultConfigurationName = Release;
		};
/* End XCConfigurationList section */
	};
	rootObject = CEFA76BF2782120E0058F5C5 /* Project object */;
}
